
Microsoft Visual Studio Solution File, Format Version 12.00
# Visual Studio Version 17
VisualStudioVersion = 17.8.34330.188
MinimumVisualStudioVersion = 10.0.40219.1
Project("{9A19103F-16F7-4668-BE54-9A1E7A4F7556}") = "NullGC.Allocators", "NullGC.Allocators\NullGC.Allocators.csproj", "{AE8837C7-9ED0-4FFE-9C55-ABB57D54BFED}"
EndProject
Project("{9A19103F-16F7-4668-BE54-9A1E7A4F7556}") = "NullGC.Collections", "NullGC.Collections\NullGC.Collections.csproj", "{91DBA4EE-7442-4644-B8DF-B64B2BAF697E}"
EndProject
Project("{9A19103F-16F7-4668-BE54-9A1E7A4F7556}") = "NullGC.TestCommons", "NullGC.TestCommons\NullGC.TestCommons.csproj", "{C06BCBB2-02D3-467B-9793-AB03240312BB}"
EndProject
Project("{9A19103F-16F7-4668-BE54-9A1E7A4F7556}") = "NullGC.Linq", "NullGC.Linq\NullGC.Linq.csproj", "{60B9F80D-4004-4037-A368-461D182EC25F}"
EndProject
Project("{9A19103F-16F7-4668-BE54-9A1E7A4F7556}") = "NullGC.Allocators.Tests", "NullGC.Allocators.Tests\NullGC.Allocators.Tests.csproj", "{B8A9126A-0920-44F1-A105-BB9DAA704060}"
EndProject
Project("{9A19103F-16F7-4668-BE54-9A1E7A4F7556}") = "NullGC.Collections.Tests", "NullGC.Collections.Tests\NullGC.Collections.Tests.csproj", "{68371B32-168C-4728-A0CC-810A6E9CEDA1}"
EndProject
Project("{9A19103F-16F7-4668-BE54-9A1E7A4F7556}") = "NullGC.Linq.Tests", "NullGC.Linq.Tests\NullGC.Linq.Tests.csproj", "{2B2515C4-EB6B-4EA0-904E-776B78ECEEAE}"
EndProject
Project("{9A19103F-16F7-4668-BE54-9A1E7A4F7556}") = "NullGC.DragRace", "NullGC.DragRace\NullGC.DragRace.csproj", "{6A5485B5-22A6-41A1-A948-BABC0B8D3D4D}"
EndProject
Project("{2150E333-8FDC-42A3-9474-1A3956D46DE8}") = "Tests", "Tests", "{5BCE3FAB-C4F0-4BB1-B3DE-43D25E029283}"
EndProject
Project("{2150E333-8FDC-42A3-9474-1A3956D46DE8}") = "Benchmarks", "Benchmarks", "{3C849AA7-08C7-4603-8C4A-760B7E85F3D1}"
EndProject
Project("{2150E333-8FDC-42A3-9474-1A3956D46DE8}") = "Playground", "Playground", "{917A83EC-8801-450F-BF76-EC0CE24A98CD}"
EndProject
Project("{9A19103F-16F7-4668-BE54-9A1E7A4F7556}") = "ConsoleApp1", "Playground\ConsoleApp1\ConsoleApp1.csproj", "{BFBE3FA2-5CD5-434A-BD17-899C40ADADFC}"
EndProject
Project("{9A19103F-16F7-4668-BE54-9A1E7A4F7556}") = "TestProject1", "Playground\TestProject1\TestProject1.csproj", "{8B5438E5-70BB-47FE-89E6-DB108527A54E}"
EndProject
Project("{9A19103F-16F7-4668-BE54-9A1E7A4F7556}") = "WebApplication1", "Playground\WebApplication1\WebApplication1.csproj", "{1DEDE819-6349-449D-9295-2511177CC647}"
EndProject
Project("{9A19103F-16F7-4668-BE54-9A1E7A4F7556}") = "BenchmarkResultPageGenerator", "BenchmarkResultPageGenerator\BenchmarkResultPageGenerator.csproj", "{21ED11B2-EA0F-4B87-A68B-BE3281AC7491}"
EndProject
Project("{9A19103F-16F7-4668-BE54-9A1E7A4F7556}") = "NullGC.Abstractions", "NullGC.Abstractions\NullGC.Abstractions.csproj", "{D699A7FA-86F5-4BAD-9043-08276A3CF49D}"
EndProject
Project("{9A19103F-16F7-4668-BE54-9A1E7A4F7556}") = "NullGC.Analyzer", "NullGC.Analyzer\NullGC.Analyzer.csproj", "{E7C114B2-5A44-4B22-8A4A-BFF94C4ACB09}"
EndProject
Project("{9A19103F-16F7-4668-BE54-9A1E7A4F7556}") = "NullGC.Analyzer.CodeFixes", "NullGC.Analyzer.CodeFixes\NullGC.Analyzer.CodeFixes.csproj", "{ECCB3DF6-9D14-489F-BA28-B1D481B6E764}"
EndProject
Project("{9A19103F-16F7-4668-BE54-9A1E7A4F7556}") = "NullGC.Analyzer.Package", "NullGC.Analyzer.Package\NullGC.Analyzer.Package.csproj", "{B7E4567B-5C87-4B79-A5FD-39538BBF586A}"
EndProject
Project("{9A19103F-16F7-4668-BE54-9A1E7A4F7556}") = "NullGC.Analyzer.Vsix", "NullGC.Analyzer.Vsix\NullGC.Analyzer.Vsix.csproj", "{960A16D1-4CDD-4DCC-9CB2-2C44F03A1C9F}"
EndProject
Project("{9A19103F-16F7-4668-BE54-9A1E7A4F7556}") = "NullGC.Analyzer.Tests.Project", "NullGC.Analyzer.Tests.Project\NullGC.Analyzer.Tests.Project.csproj", "{F8D4B46A-D925-4E5B-A660-1785096202F6}"
EndProject
Project("{9A19103F-16F7-4668-BE54-9A1E7A4F7556}") = "NullGC.Analyzer.Tests", "NullGC.Analyzer.Tests\NullGC.Analyzer.Tests.csproj", "{ED2E585A-648A-4A9E-A283-4319A04F8274}"
EndProject
Project("{2150E333-8FDC-42A3-9474-1A3956D46DE8}") = "Analyzer", "Analyzer", "{41481A0C-9B12-473F-8277-8E1BA753DCA7}"
EndProject
Global
	GlobalSection(SolutionConfigurationPlatforms) = preSolution
		Debug|Any CPU = Debug|Any CPU
		Debug|arm64 = Debug|arm64
		Debug|x64 = Debug|x64
		Debug|x86 = Debug|x86
		Release|Any CPU = Release|Any CPU
		Release|arm64 = Release|arm64
		Release|x64 = Release|x64
		Release|x86 = Release|x86
	EndGlobalSection
	GlobalSection(ProjectConfigurationPlatforms) = postSolution
		{AE8837C7-9ED0-4FFE-9C55-ABB57D54BFED}.Debug|Any CPU.ActiveCfg = Debug|Any CPU
		{AE8837C7-9ED0-4FFE-9C55-ABB57D54BFED}.Debug|Any CPU.Build.0 = Debug|Any CPU
		{AE8837C7-9ED0-4FFE-9C55-ABB57D54BFED}.Debug|arm64.ActiveCfg = Debug|Any CPU
		{AE8837C7-9ED0-4FFE-9C55-ABB57D54BFED}.Debug|arm64.Build.0 = Debug|Any CPU
		{AE8837C7-9ED0-4FFE-9C55-ABB57D54BFED}.Debug|x64.ActiveCfg = Debug|x64
		{AE8837C7-9ED0-4FFE-9C55-ABB57D54BFED}.Debug|x64.Build.0 = Debug|x64
		{AE8837C7-9ED0-4FFE-9C55-ABB57D54BFED}.Debug|x86.ActiveCfg = Debug|x86
		{AE8837C7-9ED0-4FFE-9C55-ABB57D54BFED}.Debug|x86.Build.0 = Debug|x86
		{AE8837C7-9ED0-4FFE-9C55-ABB57D54BFED}.Release|Any CPU.ActiveCfg = Release|Any CPU
		{AE8837C7-9ED0-4FFE-9C55-ABB57D54BFED}.Release|Any CPU.Build.0 = Release|Any CPU
		{AE8837C7-9ED0-4FFE-9C55-ABB57D54BFED}.Release|arm64.ActiveCfg = Release|Any CPU
		{AE8837C7-9ED0-4FFE-9C55-ABB57D54BFED}.Release|arm64.Build.0 = Release|Any CPU
		{AE8837C7-9ED0-4FFE-9C55-ABB57D54BFED}.Release|x64.ActiveCfg = Release|x64
		{AE8837C7-9ED0-4FFE-9C55-ABB57D54BFED}.Release|x64.Build.0 = Release|x64
		{AE8837C7-9ED0-4FFE-9C55-ABB57D54BFED}.Release|x86.ActiveCfg = Release|x86
		{AE8837C7-9ED0-4FFE-9C55-ABB57D54BFED}.Release|x86.Build.0 = Release|x86
		{91DBA4EE-7442-4644-B8DF-B64B2BAF697E}.Debug|Any CPU.ActiveCfg = Debug|Any CPU
		{91DBA4EE-7442-4644-B8DF-B64B2BAF697E}.Debug|Any CPU.Build.0 = Debug|Any CPU
		{91DBA4EE-7442-4644-B8DF-B64B2BAF697E}.Debug|arm64.ActiveCfg = Debug|Any CPU
		{91DBA4EE-7442-4644-B8DF-B64B2BAF697E}.Debug|arm64.Build.0 = Debug|Any CPU
		{91DBA4EE-7442-4644-B8DF-B64B2BAF697E}.Debug|x64.ActiveCfg = Debug|x64
		{91DBA4EE-7442-4644-B8DF-B64B2BAF697E}.Debug|x64.Build.0 = Debug|x64
		{91DBA4EE-7442-4644-B8DF-B64B2BAF697E}.Debug|x86.ActiveCfg = Debug|x86
		{91DBA4EE-7442-4644-B8DF-B64B2BAF697E}.Debug|x86.Build.0 = Debug|x86
		{91DBA4EE-7442-4644-B8DF-B64B2BAF697E}.Release|Any CPU.ActiveCfg = Release|Any CPU
		{91DBA4EE-7442-4644-B8DF-B64B2BAF697E}.Release|Any CPU.Build.0 = Release|Any CPU
		{91DBA4EE-7442-4644-B8DF-B64B2BAF697E}.Release|arm64.ActiveCfg = Release|Any CPU
		{91DBA4EE-7442-4644-B8DF-B64B2BAF697E}.Release|arm64.Build.0 = Release|Any CPU
		{91DBA4EE-7442-4644-B8DF-B64B2BAF697E}.Release|x64.ActiveCfg = Release|x64
		{91DBA4EE-7442-4644-B8DF-B64B2BAF697E}.Release|x64.Build.0 = Release|x64
		{91DBA4EE-7442-4644-B8DF-B64B2BAF697E}.Release|x86.ActiveCfg = Release|x86
		{91DBA4EE-7442-4644-B8DF-B64B2BAF697E}.Release|x86.Build.0 = Release|x86
		{C06BCBB2-02D3-467B-9793-AB03240312BB}.Debug|Any CPU.ActiveCfg = Debug|Any CPU
		{C06BCBB2-02D3-467B-9793-AB03240312BB}.Debug|Any CPU.Build.0 = Debug|Any CPU
		{C06BCBB2-02D3-467B-9793-AB03240312BB}.Debug|arm64.ActiveCfg = Debug|Any CPU
		{C06BCBB2-02D3-467B-9793-AB03240312BB}.Debug|arm64.Build.0 = Debug|Any CPU
		{C06BCBB2-02D3-467B-9793-AB03240312BB}.Debug|x64.ActiveCfg = Debug|x64
		{C06BCBB2-02D3-467B-9793-AB03240312BB}.Debug|x64.Build.0 = Debug|x64
		{C06BCBB2-02D3-467B-9793-AB03240312BB}.Debug|x86.ActiveCfg = Debug|x86
		{C06BCBB2-02D3-467B-9793-AB03240312BB}.Debug|x86.Build.0 = Debug|x86
		{C06BCBB2-02D3-467B-9793-AB03240312BB}.Release|Any CPU.ActiveCfg = Release|Any CPU
		{C06BCBB2-02D3-467B-9793-AB03240312BB}.Release|Any CPU.Build.0 = Release|Any CPU
		{C06BCBB2-02D3-467B-9793-AB03240312BB}.Release|arm64.ActiveCfg = Release|Any CPU
		{C06BCBB2-02D3-467B-9793-AB03240312BB}.Release|arm64.Build.0 = Release|Any CPU
		{C06BCBB2-02D3-467B-9793-AB03240312BB}.Release|x64.ActiveCfg = Release|x64
		{C06BCBB2-02D3-467B-9793-AB03240312BB}.Release|x64.Build.0 = Release|x64
		{C06BCBB2-02D3-467B-9793-AB03240312BB}.Release|x86.ActiveCfg = Release|x86
		{C06BCBB2-02D3-467B-9793-AB03240312BB}.Release|x86.Build.0 = Release|x86
		{60B9F80D-4004-4037-A368-461D182EC25F}.Debug|Any CPU.ActiveCfg = Debug|Any CPU
		{60B9F80D-4004-4037-A368-461D182EC25F}.Debug|Any CPU.Build.0 = Debug|Any CPU
		{60B9F80D-4004-4037-A368-461D182EC25F}.Debug|arm64.ActiveCfg = Debug|Any CPU
		{60B9F80D-4004-4037-A368-461D182EC25F}.Debug|arm64.Build.0 = Debug|Any CPU
		{60B9F80D-4004-4037-A368-461D182EC25F}.Debug|x64.ActiveCfg = Debug|x64
		{60B9F80D-4004-4037-A368-461D182EC25F}.Debug|x64.Build.0 = Debug|x64
		{60B9F80D-4004-4037-A368-461D182EC25F}.Debug|x86.ActiveCfg = Debug|x86
		{60B9F80D-4004-4037-A368-461D182EC25F}.Debug|x86.Build.0 = Debug|x86
		{60B9F80D-4004-4037-A368-461D182EC25F}.Release|Any CPU.ActiveCfg = Release|Any CPU
		{60B9F80D-4004-4037-A368-461D182EC25F}.Release|Any CPU.Build.0 = Release|Any CPU
		{60B9F80D-4004-4037-A368-461D182EC25F}.Release|arm64.ActiveCfg = Release|Any CPU
		{60B9F80D-4004-4037-A368-461D182EC25F}.Release|arm64.Build.0 = Release|Any CPU
		{60B9F80D-4004-4037-A368-461D182EC25F}.Release|x64.ActiveCfg = Release|x64
		{60B9F80D-4004-4037-A368-461D182EC25F}.Release|x64.Build.0 = Release|x64
		{60B9F80D-4004-4037-A368-461D182EC25F}.Release|x86.ActiveCfg = Release|x86
		{60B9F80D-4004-4037-A368-461D182EC25F}.Release|x86.Build.0 = Release|x86
		{B8A9126A-0920-44F1-A105-BB9DAA704060}.Debug|Any CPU.ActiveCfg = Debug|Any CPU
		{B8A9126A-0920-44F1-A105-BB9DAA704060}.Debug|Any CPU.Build.0 = Debug|Any CPU
		{B8A9126A-0920-44F1-A105-BB9DAA704060}.Debug|arm64.ActiveCfg = Debug|Any CPU
		{B8A9126A-0920-44F1-A105-BB9DAA704060}.Debug|arm64.Build.0 = Debug|Any CPU
		{B8A9126A-0920-44F1-A105-BB9DAA704060}.Debug|x64.ActiveCfg = Debug|x64
		{B8A9126A-0920-44F1-A105-BB9DAA704060}.Debug|x64.Build.0 = Debug|x64
		{B8A9126A-0920-44F1-A105-BB9DAA704060}.Debug|x86.ActiveCfg = Debug|x86
		{B8A9126A-0920-44F1-A105-BB9DAA704060}.Debug|x86.Build.0 = Debug|x86
		{B8A9126A-0920-44F1-A105-BB9DAA704060}.Release|Any CPU.ActiveCfg = Release|Any CPU
		{B8A9126A-0920-44F1-A105-BB9DAA704060}.Release|Any CPU.Build.0 = Release|Any CPU
		{B8A9126A-0920-44F1-A105-BB9DAA704060}.Release|arm64.ActiveCfg = Release|Any CPU
		{B8A9126A-0920-44F1-A105-BB9DAA704060}.Release|arm64.Build.0 = Release|Any CPU
		{B8A9126A-0920-44F1-A105-BB9DAA704060}.Release|x64.ActiveCfg = Release|x64
		{B8A9126A-0920-44F1-A105-BB9DAA704060}.Release|x64.Build.0 = Release|x64
		{B8A9126A-0920-44F1-A105-BB9DAA704060}.Release|x86.ActiveCfg = Release|x86
		{B8A9126A-0920-44F1-A105-BB9DAA704060}.Release|x86.Build.0 = Release|x86
		{68371B32-168C-4728-A0CC-810A6E9CEDA1}.Debug|Any CPU.ActiveCfg = Debug|Any CPU
		{68371B32-168C-4728-A0CC-810A6E9CEDA1}.Debug|Any CPU.Build.0 = Debug|Any CPU
		{68371B32-168C-4728-A0CC-810A6E9CEDA1}.Debug|arm64.ActiveCfg = Debug|Any CPU
		{68371B32-168C-4728-A0CC-810A6E9CEDA1}.Debug|arm64.Build.0 = Debug|Any CPU
		{68371B32-168C-4728-A0CC-810A6E9CEDA1}.Debug|x64.ActiveCfg = Debug|x64
		{68371B32-168C-4728-A0CC-810A6E9CEDA1}.Debug|x64.Build.0 = Debug|x64
		{68371B32-168C-4728-A0CC-810A6E9CEDA1}.Debug|x86.ActiveCfg = Debug|x86
		{68371B32-168C-4728-A0CC-810A6E9CEDA1}.Debug|x86.Build.0 = Debug|x86
		{68371B32-168C-4728-A0CC-810A6E9CEDA1}.Release|Any CPU.ActiveCfg = Release|Any CPU
		{68371B32-168C-4728-A0CC-810A6E9CEDA1}.Release|Any CPU.Build.0 = Release|Any CPU
		{68371B32-168C-4728-A0CC-810A6E9CEDA1}.Release|arm64.ActiveCfg = Release|Any CPU
		{68371B32-168C-4728-A0CC-810A6E9CEDA1}.Release|arm64.Build.0 = Release|Any CPU
		{68371B32-168C-4728-A0CC-810A6E9CEDA1}.Release|x64.ActiveCfg = Release|x64
		{68371B32-168C-4728-A0CC-810A6E9CEDA1}.Release|x64.Build.0 = Release|x64
		{68371B32-168C-4728-A0CC-810A6E9CEDA1}.Release|x86.ActiveCfg = Release|x86
		{68371B32-168C-4728-A0CC-810A6E9CEDA1}.Release|x86.Build.0 = Release|x86
		{2B2515C4-EB6B-4EA0-904E-776B78ECEEAE}.Debug|Any CPU.ActiveCfg = Debug|Any CPU
		{2B2515C4-EB6B-4EA0-904E-776B78ECEEAE}.Debug|Any CPU.Build.0 = Debug|Any CPU
		{2B2515C4-EB6B-4EA0-904E-776B78ECEEAE}.Debug|arm64.ActiveCfg = Debug|Any CPU
		{2B2515C4-EB6B-4EA0-904E-776B78ECEEAE}.Debug|arm64.Build.0 = Debug|Any CPU
		{2B2515C4-EB6B-4EA0-904E-776B78ECEEAE}.Debug|x64.ActiveCfg = Debug|x64
		{2B2515C4-EB6B-4EA0-904E-776B78ECEEAE}.Debug|x64.Build.0 = Debug|x64
		{2B2515C4-EB6B-4EA0-904E-776B78ECEEAE}.Debug|x86.ActiveCfg = Debug|x86
		{2B2515C4-EB6B-4EA0-904E-776B78ECEEAE}.Debug|x86.Build.0 = Debug|x86
		{2B2515C4-EB6B-4EA0-904E-776B78ECEEAE}.Release|Any CPU.ActiveCfg = Release|Any CPU
		{2B2515C4-EB6B-4EA0-904E-776B78ECEEAE}.Release|Any CPU.Build.0 = Release|Any CPU
		{2B2515C4-EB6B-4EA0-904E-776B78ECEEAE}.Release|arm64.ActiveCfg = Release|Any CPU
		{2B2515C4-EB6B-4EA0-904E-776B78ECEEAE}.Release|arm64.Build.0 = Release|Any CPU
		{2B2515C4-EB6B-4EA0-904E-776B78ECEEAE}.Release|x64.ActiveCfg = Release|x64
		{2B2515C4-EB6B-4EA0-904E-776B78ECEEAE}.Release|x64.Build.0 = Release|x64
		{2B2515C4-EB6B-4EA0-904E-776B78ECEEAE}.Release|x86.ActiveCfg = Release|x86
		{2B2515C4-EB6B-4EA0-904E-776B78ECEEAE}.Release|x86.Build.0 = Release|x86
		{6A5485B5-22A6-41A1-A948-BABC0B8D3D4D}.Debug|Any CPU.ActiveCfg = Debug|Any CPU
		{6A5485B5-22A6-41A1-A948-BABC0B8D3D4D}.Debug|Any CPU.Build.0 = Debug|Any CPU
		{6A5485B5-22A6-41A1-A948-BABC0B8D3D4D}.Debug|arm64.ActiveCfg = Debug|Any CPU
		{6A5485B5-22A6-41A1-A948-BABC0B8D3D4D}.Debug|arm64.Build.0 = Debug|Any CPU
		{6A5485B5-22A6-41A1-A948-BABC0B8D3D4D}.Debug|x64.ActiveCfg = Debug|x64
		{6A5485B5-22A6-41A1-A948-BABC0B8D3D4D}.Debug|x64.Build.0 = Debug|x64
		{6A5485B5-22A6-41A1-A948-BABC0B8D3D4D}.Debug|x86.ActiveCfg = Debug|x86
		{6A5485B5-22A6-41A1-A948-BABC0B8D3D4D}.Debug|x86.Build.0 = Debug|x86
		{6A5485B5-22A6-41A1-A948-BABC0B8D3D4D}.Release|Any CPU.ActiveCfg = Release|Any CPU
		{6A5485B5-22A6-41A1-A948-BABC0B8D3D4D}.Release|Any CPU.Build.0 = Release|Any CPU
		{6A5485B5-22A6-41A1-A948-BABC0B8D3D4D}.Release|arm64.ActiveCfg = Release|Any CPU
		{6A5485B5-22A6-41A1-A948-BABC0B8D3D4D}.Release|arm64.Build.0 = Release|Any CPU
		{6A5485B5-22A6-41A1-A948-BABC0B8D3D4D}.Release|x64.ActiveCfg = Release|x64
		{6A5485B5-22A6-41A1-A948-BABC0B8D3D4D}.Release|x64.Build.0 = Release|x64
		{6A5485B5-22A6-41A1-A948-BABC0B8D3D4D}.Release|x86.ActiveCfg = Release|x86
		{6A5485B5-22A6-41A1-A948-BABC0B8D3D4D}.Release|x86.Build.0 = Release|x86
		{BFBE3FA2-5CD5-434A-BD17-899C40ADADFC}.Debug|Any CPU.ActiveCfg = Debug|Any CPU
		{BFBE3FA2-5CD5-434A-BD17-899C40ADADFC}.Debug|Any CPU.Build.0 = Debug|Any CPU
		{BFBE3FA2-5CD5-434A-BD17-899C40ADADFC}.Debug|arm64.ActiveCfg = Debug|Any CPU
		{BFBE3FA2-5CD5-434A-BD17-899C40ADADFC}.Debug|arm64.Build.0 = Debug|Any CPU
		{BFBE3FA2-5CD5-434A-BD17-899C40ADADFC}.Debug|x64.ActiveCfg = Debug|x64
		{BFBE3FA2-5CD5-434A-BD17-899C40ADADFC}.Debug|x64.Build.0 = Debug|x64
		{BFBE3FA2-5CD5-434A-BD17-899C40ADADFC}.Debug|x86.ActiveCfg = Debug|x86
		{BFBE3FA2-5CD5-434A-BD17-899C40ADADFC}.Debug|x86.Build.0 = Debug|x86
		{BFBE3FA2-5CD5-434A-BD17-899C40ADADFC}.Release|Any CPU.ActiveCfg = Release|Any CPU
		{BFBE3FA2-5CD5-434A-BD17-899C40ADADFC}.Release|Any CPU.Build.0 = Release|Any CPU
		{BFBE3FA2-5CD5-434A-BD17-899C40ADADFC}.Release|arm64.ActiveCfg = Release|Any CPU
		{BFBE3FA2-5CD5-434A-BD17-899C40ADADFC}.Release|arm64.Build.0 = Release|Any CPU
		{BFBE3FA2-5CD5-434A-BD17-899C40ADADFC}.Release|x64.ActiveCfg = Release|x64
		{BFBE3FA2-5CD5-434A-BD17-899C40ADADFC}.Release|x64.Build.0 = Release|x64
		{BFBE3FA2-5CD5-434A-BD17-899C40ADADFC}.Release|x86.ActiveCfg = Release|x86
		{BFBE3FA2-5CD5-434A-BD17-899C40ADADFC}.Release|x86.Build.0 = Release|x86
		{8B5438E5-70BB-47FE-89E6-DB108527A54E}.Debug|Any CPU.ActiveCfg = Debug|Any CPU
		{8B5438E5-70BB-47FE-89E6-DB108527A54E}.Debug|Any CPU.Build.0 = Debug|Any CPU
		{8B5438E5-70BB-47FE-89E6-DB108527A54E}.Debug|arm64.ActiveCfg = Debug|Any CPU
		{8B5438E5-70BB-47FE-89E6-DB108527A54E}.Debug|arm64.Build.0 = Debug|Any CPU
		{8B5438E5-70BB-47FE-89E6-DB108527A54E}.Debug|x64.ActiveCfg = Debug|x64
		{8B5438E5-70BB-47FE-89E6-DB108527A54E}.Debug|x64.Build.0 = Debug|x64
		{8B5438E5-70BB-47FE-89E6-DB108527A54E}.Debug|x86.ActiveCfg = Debug|x86
		{8B5438E5-70BB-47FE-89E6-DB108527A54E}.Debug|x86.Build.0 = Debug|x86
		{8B5438E5-70BB-47FE-89E6-DB108527A54E}.Release|Any CPU.ActiveCfg = Release|Any CPU
		{8B5438E5-70BB-47FE-89E6-DB108527A54E}.Release|Any CPU.Build.0 = Release|Any CPU
		{8B5438E5-70BB-47FE-89E6-DB108527A54E}.Release|arm64.ActiveCfg = Release|Any CPU
		{8B5438E5-70BB-47FE-89E6-DB108527A54E}.Release|arm64.Build.0 = Release|Any CPU
		{8B5438E5-70BB-47FE-89E6-DB108527A54E}.Release|x64.ActiveCfg = Release|x64
		{8B5438E5-70BB-47FE-89E6-DB108527A54E}.Release|x64.Build.0 = Release|x64
		{8B5438E5-70BB-47FE-89E6-DB108527A54E}.Release|x86.ActiveCfg = Release|x86
		{8B5438E5-70BB-47FE-89E6-DB108527A54E}.Release|x86.Build.0 = Release|x86
		{1DEDE819-6349-449D-9295-2511177CC647}.Debug|Any CPU.ActiveCfg = Debug|Any CPU
		{1DEDE819-6349-449D-9295-2511177CC647}.Debug|Any CPU.Build.0 = Debug|Any CPU
		{1DEDE819-6349-449D-9295-2511177CC647}.Debug|arm64.ActiveCfg = Debug|Any CPU
		{1DEDE819-6349-449D-9295-2511177CC647}.Debug|arm64.Build.0 = Debug|Any CPU
		{1DEDE819-6349-449D-9295-2511177CC647}.Debug|x64.ActiveCfg = Debug|Any CPU
		{1DEDE819-6349-449D-9295-2511177CC647}.Debug|x64.Build.0 = Debug|Any CPU
		{1DEDE819-6349-449D-9295-2511177CC647}.Debug|x86.ActiveCfg = Debug|Any CPU
		{1DEDE819-6349-449D-9295-2511177CC647}.Debug|x86.Build.0 = Debug|Any CPU
		{1DEDE819-6349-449D-9295-2511177CC647}.Release|Any CPU.ActiveCfg = Release|Any CPU
		{1DEDE819-6349-449D-9295-2511177CC647}.Release|Any CPU.Build.0 = Release|Any CPU
		{1DEDE819-6349-449D-9295-2511177CC647}.Release|arm64.ActiveCfg = Release|Any CPU
		{1DEDE819-6349-449D-9295-2511177CC647}.Release|arm64.Build.0 = Release|Any CPU
		{1DEDE819-6349-449D-9295-2511177CC647}.Release|x64.ActiveCfg = Release|Any CPU
		{1DEDE819-6349-449D-9295-2511177CC647}.Release|x64.Build.0 = Release|Any CPU
		{1DEDE819-6349-449D-9295-2511177CC647}.Release|x86.ActiveCfg = Release|Any CPU
		{1DEDE819-6349-449D-9295-2511177CC647}.Release|x86.Build.0 = Release|Any CPU
		{21ED11B2-EA0F-4B87-A68B-BE3281AC7491}.Debug|Any CPU.ActiveCfg = Debug|Any CPU
		{21ED11B2-EA0F-4B87-A68B-BE3281AC7491}.Debug|Any CPU.Build.0 = Debug|Any CPU
		{21ED11B2-EA0F-4B87-A68B-BE3281AC7491}.Debug|arm64.ActiveCfg = Debug|Any CPU
		{21ED11B2-EA0F-4B87-A68B-BE3281AC7491}.Debug|arm64.Build.0 = Debug|Any CPU
		{21ED11B2-EA0F-4B87-A68B-BE3281AC7491}.Debug|x64.ActiveCfg = Debug|Any CPU
		{21ED11B2-EA0F-4B87-A68B-BE3281AC7491}.Debug|x64.Build.0 = Debug|Any CPU
		{21ED11B2-EA0F-4B87-A68B-BE3281AC7491}.Debug|x86.ActiveCfg = Debug|Any CPU
		{21ED11B2-EA0F-4B87-A68B-BE3281AC7491}.Debug|x86.Build.0 = Debug|Any CPU
		{21ED11B2-EA0F-4B87-A68B-BE3281AC7491}.Release|Any CPU.ActiveCfg = Release|Any CPU
		{21ED11B2-EA0F-4B87-A68B-BE3281AC7491}.Release|Any CPU.Build.0 = Release|Any CPU
		{21ED11B2-EA0F-4B87-A68B-BE3281AC7491}.Release|arm64.ActiveCfg = Release|Any CPU
		{21ED11B2-EA0F-4B87-A68B-BE3281AC7491}.Release|arm64.Build.0 = Release|Any CPU
		{21ED11B2-EA0F-4B87-A68B-BE3281AC7491}.Release|x64.ActiveCfg = Release|Any CPU
		{21ED11B2-EA0F-4B87-A68B-BE3281AC7491}.Release|x64.Build.0 = Release|Any CPU
		{21ED11B2-EA0F-4B87-A68B-BE3281AC7491}.Release|x86.ActiveCfg = Release|Any CPU
		{21ED11B2-EA0F-4B87-A68B-BE3281AC7491}.Release|x86.Build.0 = Release|Any CPU
		{D699A7FA-86F5-4BAD-9043-08276A3CF49D}.Debug|Any CPU.ActiveCfg = Debug|Any CPU
		{D699A7FA-86F5-4BAD-9043-08276A3CF49D}.Debug|Any CPU.Build.0 = Debug|Any CPU
		{D699A7FA-86F5-4BAD-9043-08276A3CF49D}.Debug|arm64.ActiveCfg = Debug|Any CPU
		{D699A7FA-86F5-4BAD-9043-08276A3CF49D}.Debug|arm64.Build.0 = Debug|Any CPU
		{D699A7FA-86F5-4BAD-9043-08276A3CF49D}.Debug|x64.ActiveCfg = Debug|x64
		{D699A7FA-86F5-4BAD-9043-08276A3CF49D}.Debug|x64.Build.0 = Debug|x64
		{D699A7FA-86F5-4BAD-9043-08276A3CF49D}.Debug|x86.ActiveCfg = Debug|x86
		{D699A7FA-86F5-4BAD-9043-08276A3CF49D}.Debug|x86.Build.0 = Debug|x86
		{D699A7FA-86F5-4BAD-9043-08276A3CF49D}.Release|Any CPU.ActiveCfg = Release|Any CPU
		{D699A7FA-86F5-4BAD-9043-08276A3CF49D}.Release|Any CPU.Build.0 = Release|Any CPU
		{D699A7FA-86F5-4BAD-9043-08276A3CF49D}.Release|arm64.ActiveCfg = Release|Any CPU
		{D699A7FA-86F5-4BAD-9043-08276A3CF49D}.Release|arm64.Build.0 = Release|Any CPU
		{D699A7FA-86F5-4BAD-9043-08276A3CF49D}.Release|x64.ActiveCfg = Release|x64
		{D699A7FA-86F5-4BAD-9043-08276A3CF49D}.Release|x64.Build.0 = Release|x64
		{D699A7FA-86F5-4BAD-9043-08276A3CF49D}.Release|x86.ActiveCfg = Release|x86
		{D699A7FA-86F5-4BAD-9043-08276A3CF49D}.Release|x86.Build.0 = Release|x86
		{E7C114B2-5A44-4B22-8A4A-BFF94C4ACB09}.Debug|Any CPU.ActiveCfg = Debug|Any CPU
		{E7C114B2-5A44-4B22-8A4A-BFF94C4ACB09}.Debug|Any CPU.Build.0 = Debug|Any CPU
		{E7C114B2-5A44-4B22-8A4A-BFF94C4ACB09}.Debug|arm64.ActiveCfg = Debug|Any CPU
		{E7C114B2-5A44-4B22-8A4A-BFF94C4ACB09}.Debug|arm64.Build.0 = Debug|Any CPU
		{E7C114B2-5A44-4B22-8A4A-BFF94C4ACB09}.Debug|x64.ActiveCfg = Debug|Any CPU
		{E7C114B2-5A44-4B22-8A4A-BFF94C4ACB09}.Debug|x64.Build.0 = Debug|Any CPU
		{E7C114B2-5A44-4B22-8A4A-BFF94C4ACB09}.Debug|x86.ActiveCfg = Debug|Any CPU
		{E7C114B2-5A44-4B22-8A4A-BFF94C4ACB09}.Debug|x86.Build.0 = Debug|Any CPU
		{E7C114B2-5A44-4B22-8A4A-BFF94C4ACB09}.Release|Any CPU.ActiveCfg = Release|Any CPU
		{E7C114B2-5A44-4B22-8A4A-BFF94C4ACB09}.Release|Any CPU.Build.0 = Release|Any CPU
		{E7C114B2-5A44-4B22-8A4A-BFF94C4ACB09}.Release|arm64.ActiveCfg = Release|Any CPU
		{E7C114B2-5A44-4B22-8A4A-BFF94C4ACB09}.Release|arm64.Build.0 = Release|Any CPU
		{E7C114B2-5A44-4B22-8A4A-BFF94C4ACB09}.Release|x64.ActiveCfg = Release|Any CPU
		{E7C114B2-5A44-4B22-8A4A-BFF94C4ACB09}.Release|x64.Build.0 = Release|Any CPU
		{E7C114B2-5A44-4B22-8A4A-BFF94C4ACB09}.Release|x86.ActiveCfg = Release|Any CPU
		{E7C114B2-5A44-4B22-8A4A-BFF94C4ACB09}.Release|x86.Build.0 = Release|Any CPU
		{ECCB3DF6-9D14-489F-BA28-B1D481B6E764}.Debug|Any CPU.ActiveCfg = Debug|Any CPU
		{ECCB3DF6-9D14-489F-BA28-B1D481B6E764}.Debug|Any CPU.Build.0 = Debug|Any CPU
		{ECCB3DF6-9D14-489F-BA28-B1D481B6E764}.Debug|arm64.ActiveCfg = Debug|Any CPU
		{ECCB3DF6-9D14-489F-BA28-B1D481B6E764}.Debug|arm64.Build.0 = Debug|Any CPU
		{ECCB3DF6-9D14-489F-BA28-B1D481B6E764}.Debug|x64.ActiveCfg = Debug|Any CPU
		{ECCB3DF6-9D14-489F-BA28-B1D481B6E764}.Debug|x64.Build.0 = Debug|Any CPU
		{ECCB3DF6-9D14-489F-BA28-B1D481B6E764}.Debug|x86.ActiveCfg = Debug|Any CPU
		{ECCB3DF6-9D14-489F-BA28-B1D481B6E764}.Debug|x86.Build.0 = Debug|Any CPU
		{ECCB3DF6-9D14-489F-BA28-B1D481B6E764}.Release|Any CPU.ActiveCfg = Release|Any CPU
		{ECCB3DF6-9D14-489F-BA28-B1D481B6E764}.Release|Any CPU.Build.0 = Release|Any CPU
		{ECCB3DF6-9D14-489F-BA28-B1D481B6E764}.Release|arm64.ActiveCfg = Release|Any CPU
		{ECCB3DF6-9D14-489F-BA28-B1D481B6E764}.Release|arm64.Build.0 = Release|Any CPU
		{ECCB3DF6-9D14-489F-BA28-B1D481B6E764}.Release|x64.ActiveCfg = Release|Any CPU
		{ECCB3DF6-9D14-489F-BA28-B1D481B6E764}.Release|x64.Build.0 = Release|Any CPU
		{ECCB3DF6-9D14-489F-BA28-B1D481B6E764}.Release|x86.ActiveCfg = Release|Any CPU
		{ECCB3DF6-9D14-489F-BA28-B1D481B6E764}.Release|x86.Build.0 = Release|Any CPU
		{B7E4567B-5C87-4B79-A5FD-39538BBF586A}.Debug|Any CPU.ActiveCfg = Debug|Any CPU
		{B7E4567B-5C87-4B79-A5FD-39538BBF586A}.Debug|Any CPU.Build.0 = Debug|Any CPU
		{B7E4567B-5C87-4B79-A5FD-39538BBF586A}.Debug|arm64.ActiveCfg = Debug|Any CPU
		{B7E4567B-5C87-4B79-A5FD-39538BBF586A}.Debug|arm64.Build.0 = Debug|Any CPU
		{B7E4567B-5C87-4B79-A5FD-39538BBF586A}.Debug|x64.ActiveCfg = Debug|Any CPU
		{B7E4567B-5C87-4B79-A5FD-39538BBF586A}.Debug|x64.Build.0 = Debug|Any CPU
		{B7E4567B-5C87-4B79-A5FD-39538BBF586A}.Debug|x86.ActiveCfg = Debug|Any CPU
		{B7E4567B-5C87-4B79-A5FD-39538BBF586A}.Debug|x86.Build.0 = Debug|Any CPU
		{B7E4567B-5C87-4B79-A5FD-39538BBF586A}.Release|Any CPU.ActiveCfg = Release|Any CPU
		{B7E4567B-5C87-4B79-A5FD-39538BBF586A}.Release|Any CPU.Build.0 = Release|Any CPU
		{B7E4567B-5C87-4B79-A5FD-39538BBF586A}.Release|arm64.ActiveCfg = Release|Any CPU
		{B7E4567B-5C87-4B79-A5FD-39538BBF586A}.Release|arm64.Build.0 = Release|Any CPU
		{B7E4567B-5C87-4B79-A5FD-39538BBF586A}.Release|x64.ActiveCfg = Release|Any CPU
		{B7E4567B-5C87-4B79-A5FD-39538BBF586A}.Release|x64.Build.0 = Release|Any CPU
		{B7E4567B-5C87-4B79-A5FD-39538BBF586A}.Release|x86.ActiveCfg = Release|Any CPU
		{B7E4567B-5C87-4B79-A5FD-39538BBF586A}.Release|x86.Build.0 = Release|Any CPU
		{960A16D1-4CDD-4DCC-9CB2-2C44F03A1C9F}.Debug|Any CPU.ActiveCfg = Debug|Any CPU
		{960A16D1-4CDD-4DCC-9CB2-2C44F03A1C9F}.Debug|Any CPU.Build.0 = Debug|Any CPU
		{960A16D1-4CDD-4DCC-9CB2-2C44F03A1C9F}.Debug|arm64.ActiveCfg = Debug|Any CPU
		{960A16D1-4CDD-4DCC-9CB2-2C44F03A1C9F}.Debug|arm64.Build.0 = Debug|Any CPU
		{960A16D1-4CDD-4DCC-9CB2-2C44F03A1C9F}.Debug|arm64.Deploy.0 = Debug|Any CPU
		{960A16D1-4CDD-4DCC-9CB2-2C44F03A1C9F}.Debug|x64.ActiveCfg = Debug|Any CPU
		{960A16D1-4CDD-4DCC-9CB2-2C44F03A1C9F}.Debug|x64.Build.0 = Debug|Any CPU
		{960A16D1-4CDD-4DCC-9CB2-2C44F03A1C9F}.Debug|x86.ActiveCfg = Debug|Any CPU
		{960A16D1-4CDD-4DCC-9CB2-2C44F03A1C9F}.Debug|x86.Build.0 = Debug|Any CPU
		{960A16D1-4CDD-4DCC-9CB2-2C44F03A1C9F}.Release|Any CPU.ActiveCfg = Release|Any CPU
		{960A16D1-4CDD-4DCC-9CB2-2C44F03A1C9F}.Release|Any CPU.Build.0 = Release|Any CPU
		{960A16D1-4CDD-4DCC-9CB2-2C44F03A1C9F}.Release|arm64.ActiveCfg = Release|Any CPU
		{960A16D1-4CDD-4DCC-9CB2-2C44F03A1C9F}.Release|arm64.Build.0 = Release|Any CPU
		{960A16D1-4CDD-4DCC-9CB2-2C44F03A1C9F}.Release|arm64.Deploy.0 = Release|Any CPU
		{960A16D1-4CDD-4DCC-9CB2-2C44F03A1C9F}.Release|x64.ActiveCfg = Release|Any CPU
		{960A16D1-4CDD-4DCC-9CB2-2C44F03A1C9F}.Release|x64.Build.0 = Release|Any CPU
		{960A16D1-4CDD-4DCC-9CB2-2C44F03A1C9F}.Release|x86.ActiveCfg = Release|Any CPU
		{960A16D1-4CDD-4DCC-9CB2-2C44F03A1C9F}.Release|x86.Build.0 = Release|Any CPU
		{F8D4B46A-D925-4E5B-A660-1785096202F6}.Debug|Any CPU.ActiveCfg = Debug|Any CPU
		{F8D4B46A-D925-4E5B-A660-1785096202F6}.Debug|Any CPU.Build.0 = Debug|Any CPU
		{F8D4B46A-D925-4E5B-A660-1785096202F6}.Debug|arm64.ActiveCfg = Debug|Any CPU
		{F8D4B46A-D925-4E5B-A660-1785096202F6}.Debug|arm64.Build.0 = Debug|Any CPU
		{F8D4B46A-D925-4E5B-A660-1785096202F6}.Debug|x64.ActiveCfg = Debug|Any CPU
		{F8D4B46A-D925-4E5B-A660-1785096202F6}.Debug|x64.Build.0 = Debug|Any CPU
		{F8D4B46A-D925-4E5B-A660-1785096202F6}.Debug|x86.ActiveCfg = Debug|Any CPU
		{F8D4B46A-D925-4E5B-A660-1785096202F6}.Debug|x86.Build.0 = Debug|Any CPU
		{F8D4B46A-D925-4E5B-A660-1785096202F6}.Release|Any CPU.ActiveCfg = Release|Any CPU
		{F8D4B46A-D925-4E5B-A660-1785096202F6}.Release|Any CPU.Build.0 = Release|Any CPU
		{F8D4B46A-D925-4E5B-A660-1785096202F6}.Release|arm64.ActiveCfg = Release|Any CPU
		{F8D4B46A-D925-4E5B-A660-1785096202F6}.Release|arm64.Build.0 = Release|Any CPU
		{F8D4B46A-D925-4E5B-A660-1785096202F6}.Release|x64.ActiveCfg = Release|Any CPU
		{F8D4B46A-D925-4E5B-A660-1785096202F6}.Release|x64.Build.0 = Release|Any CPU
		{F8D4B46A-D925-4E5B-A660-1785096202F6}.Release|x86.ActiveCfg = Release|Any CPU
		{F8D4B46A-D925-4E5B-A660-1785096202F6}.Release|x86.Build.0 = Release|Any CPU
		{ED2E585A-648A-4A9E-A283-4319A04F8274}.Debug|Any CPU.ActiveCfg = Debug|Any CPU
		{ED2E585A-648A-4A9E-A283-4319A04F8274}.Debug|Any CPU.Build.0 = Debug|Any CPU
		{ED2E585A-648A-4A9E-A283-4319A04F8274}.Debug|arm64.ActiveCfg = Debug|Any CPU
		{ED2E585A-648A-4A9E-A283-4319A04F8274}.Debug|arm64.Build.0 = Debug|Any CPU
		{ED2E585A-648A-4A9E-A283-4319A04F8274}.Debug|x64.ActiveCfg = Debug|Any CPU
		{ED2E585A-648A-4A9E-A283-4319A04F8274}.Debug|x64.Build.0 = Debug|Any CPU
		{ED2E585A-648A-4A9E-A283-4319A04F8274}.Debug|x86.ActiveCfg = Debug|Any CPU
		{ED2E585A-648A-4A9E-A283-4319A04F8274}.Debug|x86.Build.0 = Debug|Any CPU
		{ED2E585A-648A-4A9E-A283-4319A04F8274}.Release|Any CPU.ActiveCfg = Release|Any CPU
		{ED2E585A-648A-4A9E-A283-4319A04F8274}.Release|Any CPU.Build.0 = Release|Any CPU
		{ED2E585A-648A-4A9E-A283-4319A04F8274}.Release|arm64.ActiveCfg = Release|Any CPU
		{ED2E585A-648A-4A9E-A283-4319A04F8274}.Release|arm64.Build.0 = Release|Any CPU
		{ED2E585A-648A-4A9E-A283-4319A04F8274}.Release|x64.ActiveCfg = Release|Any CPU
		{ED2E585A-648A-4A9E-A283-4319A04F8274}.Release|x64.Build.0 = Release|Any CPU
		{ED2E585A-648A-4A9E-A283-4319A04F8274}.Release|x86.ActiveCfg = Release|Any CPU
		{ED2E585A-648A-4A9E-A283-4319A04F8274}.Release|x86.Build.0 = Release|Any CPU
	EndGlobalSection
	GlobalSection(SolutionProperties) = preSolution
		HideSolutionNode = FALSE
	EndGlobalSection
	GlobalSection(NestedProjects) = preSolution
		{C06BCBB2-02D3-467B-9793-AB03240312BB} = {5BCE3FAB-C4F0-4BB1-B3DE-43D25E029283}
		{B8A9126A-0920-44F1-A105-BB9DAA704060} = {5BCE3FAB-C4F0-4BB1-B3DE-43D25E029283}
		{68371B32-168C-4728-A0CC-810A6E9CEDA1} = {5BCE3FAB-C4F0-4BB1-B3DE-43D25E029283}
		{2B2515C4-EB6B-4EA0-904E-776B78ECEEAE} = {5BCE3FAB-C4F0-4BB1-B3DE-43D25E029283}
		{6A5485B5-22A6-41A1-A948-BABC0B8D3D4D} = {3C849AA7-08C7-4603-8C4A-760B7E85F3D1}
		{BFBE3FA2-5CD5-434A-BD17-899C40ADADFC} = {917A83EC-8801-450F-BF76-EC0CE24A98CD}
		{8B5438E5-70BB-47FE-89E6-DB108527A54E} = {917A83EC-8801-450F-BF76-EC0CE24A98CD}
		{1DEDE819-6349-449D-9295-2511177CC647} = {917A83EC-8801-450F-BF76-EC0CE24A98CD}
		{21ED11B2-EA0F-4B87-A68B-BE3281AC7491} = {3C849AA7-08C7-4603-8C4A-760B7E85F3D1}
		{E7C114B2-5A44-4B22-8A4A-BFF94C4ACB09} = {41481A0C-9B12-473F-8277-8E1BA753DCA7}
		{ECCB3DF6-9D14-489F-BA28-B1D481B6E764} = {41481A0C-9B12-473F-8277-8E1BA753DCA7}
		{B7E4567B-5C87-4B79-A5FD-39538BBF586A} = {41481A0C-9B12-473F-8277-8E1BA753DCA7}
		{960A16D1-4CDD-4DCC-9CB2-2C44F03A1C9F} = {41481A0C-9B12-473F-8277-8E1BA753DCA7}
		{F8D4B46A-D925-4E5B-A660-1785096202F6} = {5BCE3FAB-C4F0-4BB1-B3DE-43D25E029283}
		{ED2E585A-648A-4A9E-A283-4319A04F8274} = {5BCE3FAB-C4F0-4BB1-B3DE-43D25E029283}
	EndGlobalSection
	GlobalSection(ExtensibilityGlobals) = postSolution
		SolutionGuid = {8CE592EE-7629-4B31-8642-FD9B4FFB974D}
	EndGlobalSection
EndGlobal
